
Microsoft Visual Studio Solution File, Format Version 12.00
# Visual Studio Version 16
VisualStudioVersion = 16.0.30717.126
MinimumVisualStudioVersion = 10.0.40219.1
Project("{FAE04EC0-301F-11D3-BF4B-00C04F79EFBC}") = "H4", "H4.csproj", "{54929AA5-606E-415B-90C1-2956A327786E}"
EndProject
Project("{FAE04EC0-301F-11D3-BF4B-00C04F79EFBC}") = "H4-2", "..\H4-2\H4-2.csproj", "{08790A9F-CF79-419F-B2C7-1F2F6055E199}"
EndProject
Global
	GlobalSection(SolutionConfigurationPlatforms) = preSolution
		Debug|Any CPU = Debug|Any CPU
		Release|Any CPU = Release|Any CPU
	EndGlobalSection
	GlobalSection(ProjectConfigurationPlatforms) = postSolution
		{54929AA5-606E-415B-90C1-2956A327786E}.Debug|Any CPU.ActiveCfg = Debug|Any CPU
		{54929AA5-606E-415B-90C1-2956A327786E}.Debug|Any CPU.Build.0 = Debug|Any CPU
		{54929AA5-606E-415B-90C1-2956A327786E}.Release|Any CPU.ActiveCfg = Release|Any CPU
		{54929AA5-606E-415B-90C1-2956A327786E}.Release|Any CPU.Build.0 = Release|Any CPU
		{08790A9F-CF79-419F-B2C7-1F2F6055E199}.Debug|Any CPU.ActiveCfg = Debug|Any CPU
		{08790A9F-CF79-419F-B2C7-1F2F6055E199}.Debug|Any CPU.Build.0 = Debug|Any CPU
		{08790A9F-CF79-419F-B2C7-1F2F6055E199}.Release|Any CPU.ActiveCfg = Release|Any CPU
		{08790A9F-CF79-419F-B2C7-1F2F6055E199}.Release|Any CPU.Build.0 = Release|Any CPU
	EndGlobalSection
	GlobalSection(SolutionProperties) = preSolution
		HideSolutionNode = FALSE
	EndGlobalSection
	GlobalSection(ExtensibilityGlobals) = postSolution
		SolutionGuid = {B9E19C82-2BB9-4C99-8539-B9AC2DC725F6}
	EndGlobalSection
EndGlobal
