
Microsoft Visual Studio Solution File, Format Version 12.00
# Visual Studio Version 16
VisualStudioVersion = 16.0.30717.126
MinimumVisualStudioVersion = 10.0.40219.1
Project("{FAE04EC0-301F-11D3-BF4B-00C04F79EFBC}") = "H3", "H3\H3.csproj", "{3562A0B3-556B-4C2D-9F32-C9A7CF7F4FB3}"
EndProject
Global
	GlobalSection(SolutionConfigurationPlatforms) = preSolution
		Debug|Any CPU = Debug|Any CPU
		Release|Any CPU = Release|Any CPU
	EndGlobalSection
	GlobalSection(ProjectConfigurationPlatforms) = postSolution
		{3562A0B3-556B-4C2D-9F32-C9A7CF7F4FB3}.Debug|Any CPU.ActiveCfg = Debug|Any CPU
		{3562A0B3-556B-4C2D-9F32-C9A7CF7F4FB3}.Debug|Any CPU.Build.0 = Debug|Any CPU
		{3562A0B3-556B-4C2D-9F32-C9A7CF7F4FB3}.Release|Any CPU.ActiveCfg = Release|Any CPU
		{3562A0B3-556B-4C2D-9F32-C9A7CF7F4FB3}.Release|Any CPU.Build.0 = Release|Any CPU
	EndGlobalSection
	GlobalSection(SolutionProperties) = preSolution
		HideSolutionNode = FALSE
	EndGlobalSection
	GlobalSection(ExtensibilityGlobals) = postSolution
		SolutionGuid = {B9CDB4FC-9D4E-4572-9B65-AC7C40FDCD8D}
	EndGlobalSection
EndGlobal
