
Microsoft Visual Studio Solution File, Format Version 12.00
# Visual Studio Version 16
VisualStudioVersion = 16.0.30717.126
MinimumVisualStudioVersion = 10.0.40219.1
Project("{FAE04EC0-301F-11D3-BF4B-00C04F79EFBC}") = "H6", "H6.csproj", "{36456390-FE4B-4D66-9220-423A43EA355E}"
EndProject
Project("{FAE04EC0-301F-11D3-BF4B-00C04F79EFBC}") = "H6Tests", "..\H6Tests\H6Tests.csproj", "{443D2B98-FB63-427C-9669-185998D84CC2}"
EndProject
Global
	GlobalSection(SolutionConfigurationPlatforms) = preSolution
		Debug|Any CPU = Debug|Any CPU
		Release|Any CPU = Release|Any CPU
	EndGlobalSection
	GlobalSection(ProjectConfigurationPlatforms) = postSolution
		{36456390-FE4B-4D66-9220-423A43EA355E}.Debug|Any CPU.ActiveCfg = Debug|Any CPU
		{36456390-FE4B-4D66-9220-423A43EA355E}.Debug|Any CPU.Build.0 = Debug|Any CPU
		{36456390-FE4B-4D66-9220-423A43EA355E}.Release|Any CPU.ActiveCfg = Release|Any CPU
		{36456390-FE4B-4D66-9220-423A43EA355E}.Release|Any CPU.Build.0 = Release|Any CPU
		{443D2B98-FB63-427C-9669-185998D84CC2}.Debug|Any CPU.ActiveCfg = Debug|Any CPU
		{443D2B98-FB63-427C-9669-185998D84CC2}.Debug|Any CPU.Build.0 = Debug|Any CPU
		{443D2B98-FB63-427C-9669-185998D84CC2}.Release|Any CPU.ActiveCfg = Release|Any CPU
		{443D2B98-FB63-427C-9669-185998D84CC2}.Release|Any CPU.Build.0 = Release|Any CPU
	EndGlobalSection
	GlobalSection(SolutionProperties) = preSolution
		HideSolutionNode = FALSE
	EndGlobalSection
	GlobalSection(ExtensibilityGlobals) = postSolution
		SolutionGuid = {1F7CA9A7-DCE6-4A76-A9C5-D5D72BEFE891}
	EndGlobalSection
EndGlobal
