
Microsoft Visual Studio Solution File, Format Version 12.00
# Visual Studio Version 16
VisualStudioVersion = 16.0.30717.126
MinimumVisualStudioVersion = 10.0.40219.1
Project("{FAE04EC0-301F-11D3-BF4B-00C04F79EFBC}") = "H2-1", "H2-1.csproj", "{9EBC7D31-809A-4602-B715-5E3C8CAC0254}"
EndProject
Project("{FAE04EC0-301F-11D3-BF4B-00C04F79EFBC}") = "H2-2", "..\H2-2\H2-2.csproj", "{DE663857-E60B-4E24-94C5-F0707BA4B40C}"
EndProject
Project("{FAE04EC0-301F-11D3-BF4B-00C04F79EFBC}") = "H2-3", "..\H2-3\H2-3.csproj", "{CB2E9626-AE8D-4C6C-9A15-251C2A823636}"
EndProject
Project("{FAE04EC0-301F-11D3-BF4B-00C04F79EFBC}") = "H2-4", "..\H2-4\H2-4.csproj", "{7EAC0A7C-8E6F-40F1-A7FF-231DFC743D0B}"
EndProject
Global
	GlobalSection(SolutionConfigurationPlatforms) = preSolution
		Debug|Any CPU = Debug|Any CPU
		Release|Any CPU = Release|Any CPU
	EndGlobalSection
	GlobalSection(ProjectConfigurationPlatforms) = postSolution
		{9EBC7D31-809A-4602-B715-5E3C8CAC0254}.Debug|Any CPU.ActiveCfg = Debug|Any CPU
		{9EBC7D31-809A-4602-B715-5E3C8CAC0254}.Debug|Any CPU.Build.0 = Debug|Any CPU
		{9EBC7D31-809A-4602-B715-5E3C8CAC0254}.Release|Any CPU.ActiveCfg = Release|Any CPU
		{9EBC7D31-809A-4602-B715-5E3C8CAC0254}.Release|Any CPU.Build.0 = Release|Any CPU
		{DE663857-E60B-4E24-94C5-F0707BA4B40C}.Debug|Any CPU.ActiveCfg = Debug|Any CPU
		{DE663857-E60B-4E24-94C5-F0707BA4B40C}.Debug|Any CPU.Build.0 = Debug|Any CPU
		{DE663857-E60B-4E24-94C5-F0707BA4B40C}.Release|Any CPU.ActiveCfg = Release|Any CPU
		{DE663857-E60B-4E24-94C5-F0707BA4B40C}.Release|Any CPU.Build.0 = Release|Any CPU
		{CB2E9626-AE8D-4C6C-9A15-251C2A823636}.Debug|Any CPU.ActiveCfg = Debug|Any CPU
		{CB2E9626-AE8D-4C6C-9A15-251C2A823636}.Debug|Any CPU.Build.0 = Debug|Any CPU
		{CB2E9626-AE8D-4C6C-9A15-251C2A823636}.Release|Any CPU.ActiveCfg = Release|Any CPU
		{CB2E9626-AE8D-4C6C-9A15-251C2A823636}.Release|Any CPU.Build.0 = Release|Any CPU
		{7EAC0A7C-8E6F-40F1-A7FF-231DFC743D0B}.Debug|Any CPU.ActiveCfg = Debug|Any CPU
		{7EAC0A7C-8E6F-40F1-A7FF-231DFC743D0B}.Debug|Any CPU.Build.0 = Debug|Any CPU
		{7EAC0A7C-8E6F-40F1-A7FF-231DFC743D0B}.Release|Any CPU.ActiveCfg = Release|Any CPU
		{7EAC0A7C-8E6F-40F1-A7FF-231DFC743D0B}.Release|Any CPU.Build.0 = Release|Any CPU
	EndGlobalSection
	GlobalSection(SolutionProperties) = preSolution
		HideSolutionNode = FALSE
	EndGlobalSection
	GlobalSection(ExtensibilityGlobals) = postSolution
		SolutionGuid = {E8E0129A-4103-462A-8BE3-8F4CB08C0840}
	EndGlobalSection
EndGlobal
